// !$*UTF8*$!
{
	archiveVersion = 1;
	classes = {
	};
	objectVersion = 50;
	objects = {

/* Begin PBXBuildFile section */
		575F512D2680A60C008CCC96 /* AppDelegate.swift in Sources */ = {isa = PBXBuildFile; fileRef = 575F512C2680A60C008CCC96 /* AppDelegate.swift */; };
		575F512F2680A60C008CCC96 /* SceneDelegate.swift in Sources */ = {isa = PBXBuildFile; fileRef = 575F512E2680A60C008CCC96 /* SceneDelegate.swift */; };
		575F51312680A60C008CCC96 /* ViewController.swift in Sources */ = {isa = PBXBuildFile; fileRef = 575F51302680A60C008CCC96 /* ViewController.swift */; };
		575F51342680A60C008CCC96 /* Main.storyboard in Resources */ = {isa = PBXBuildFile; fileRef = 575F51322680A60C008CCC96 /* Main.storyboard */; };
		575F51362680A614008CCC96 /* Assets.xcassets in Resources */ = {isa = PBXBuildFile; fileRef = 575F51352680A614008CCC96 /* Assets.xcassets */; };
		575F51392680A614008CCC96 /* LaunchScreen.storyboard in Resources */ = {isa = PBXBuildFile; fileRef = 575F51372680A614008CCC96 /* LaunchScreen.storyboard */; };
		575F51472680A960008CCC96 /* WidgetKit.framework in Frameworks */ = {isa = PBXBuildFile; fileRef = 575F51462680A960008CCC96 /* WidgetKit.framework */; };
		575F51492680A960008CCC96 /* SwiftUI.framework in Frameworks */ = {isa = PBXBuildFile; fileRef = 575F51482680A960008CCC96 /* SwiftUI.framework */; };
		575F514C2680A960008CCC96 /* Predictions.swift in Sources */ = {isa = PBXBuildFile; fileRef = 575F514B2680A960008CCC96 /* Predictions.swift */; };
		575F514F2680A961008CCC96 /* Assets.xcassets in Resources */ = {isa = PBXBuildFile; fileRef = 575F514E2680A961008CCC96 /* Assets.xcassets */; };
		575F51512680A961008CCC96 /* Predictions.intentdefinition in Sources */ = {isa = PBXBuildFile; fileRef = 575F514D2680A960008CCC96 /* Predictions.intentdefinition */; };
		575F51522680A961008CCC96 /* Predictions.intentdefinition in Sources */ = {isa = PBXBuildFile; fileRef = 575F514D2680A960008CCC96 /* Predictions.intentdefinition */; };
		575F51552680A961008CCC96 /* PredictionsExtension.appex in Embed App Extensions */ = {isa = PBXBuildFile; fileRef = 575F51442680A960008CCC96 /* PredictionsExtension.appex */; settings = {ATTRIBUTES = (RemoveHeadersOnCopy, ); }; };
		575F515D2680AB1B008CCC96 /* ScoreCardView.swift in Sources */ = {isa = PBXBuildFile; fileRef = 575F515C2680AB1B008CCC96 /* ScoreCardView.swift */; };
		575F515E2680ACBF008CCC96 /* ScoreCardView.swift in Sources */ = {isa = PBXBuildFile; fileRef = 575F515C2680AB1B008CCC96 /* ScoreCardView.swift */; };
		575F51602680C351008CCC96 /* PredictionsViewModel.swift in Sources */ = {isa = PBXBuildFile; fileRef = 575F515F2680C351008CCC96 /* PredictionsViewModel.swift */; };
		575F51612680C351008CCC96 /* PredictionsViewModel.swift in Sources */ = {isa = PBXBuildFile; fileRef = 575F515F2680C351008CCC96 /* PredictionsViewModel.swift */; };
		575F51642680CF94008CCC96 /* Modifiers.swift in Sources */ = {isa = PBXBuildFile; fileRef = 575F51632680CF94008CCC96 /* Modifiers.swift */; };
		575F51652680CF94008CCC96 /* Modifiers.swift in Sources */ = {isa = PBXBuildFile; fileRef = 575F51632680CF94008CCC96 /* Modifiers.swift */; };
		575F51672680D00F008CCC96 /* Colors.swift in Sources */ = {isa = PBXBuildFile; fileRef = 575F51662680D00F008CCC96 /* Colors.swift */; };
		575F51682680D00F008CCC96 /* Colors.swift in Sources */ = {isa = PBXBuildFile; fileRef = 575F51662680D00F008CCC96 /* Colors.swift */; };
/* End PBXBuildFile section */

/* Begin PBXContainerItemProxy section */
		575F51532680A961008CCC96 /* PBXContainerItemProxy */ = {
			isa = PBXContainerItemProxy;
			containerPortal = 575F51212680A60C008CCC96 /* Project object */;
			proxyType = 1;
			remoteGlobalIDString = 575F51432680A960008CCC96;
			remoteInfo = PredictionsExtension;
		};
/* End PBXContainerItemProxy section */

/* Begin PBXCopyFilesBuildPhase section */
		575F51592680A961008CCC96 /* Embed App Extensions */ = {
			isa = PBXCopyFilesBuildPhase;
			buildActionMask = 2147483647;
			dstPath = "";
			dstSubfolderSpec = 13;
			files = (
				575F51552680A961008CCC96 /* PredictionsExtension.appex in Embed App Extensions */,
			);
			name = "Embed App Extensions";
			runOnlyForDeploymentPostprocessing = 0;
		};
/* End PBXCopyFilesBuildPhase section */

/* Begin PBXFileReference section */
		575F51292680A60C008CCC96 /* WidgetAppGroup.app */ = {isa = PBXFileReference; explicitFileType = wrapper.application; includeInIndex = 0; path = WidgetAppGroup.app; sourceTree = BUILT_PRODUCTS_DIR; };
		575F512C2680A60C008CCC96 /* AppDelegate.swift */ = {isa = PBXFileReference; lastKnownFileType = sourcecode.swift; path = AppDelegate.swift; sourceTree = "<group>"; };
		575F512E2680A60C008CCC96 /* SceneDelegate.swift */ = {isa = PBXFileReference; lastKnownFileType = sourcecode.swift; path = SceneDelegate.swift; sourceTree = "<group>"; };
		575F51302680A60C008CCC96 /* ViewController.swift */ = {isa = PBXFileReference; lastKnownFileType = sourcecode.swift; path = ViewController.swift; sourceTree = "<group>"; };
		575F51332680A60C008CCC96 /* Base */ = {isa = PBXFileReference; lastKnownFileType = file.storyboard; name = Base; path = Base.lproj/Main.storyboard; sourceTree = "<group>"; };
		575F51352680A614008CCC96 /* Assets.xcassets */ = {isa = PBXFileReference; lastKnownFileType = folder.assetcatalog; path = Assets.xcassets; sourceTree = "<group>"; };
		575F51382680A614008CCC96 /* Base */ = {isa = PBXFileReference; lastKnownFileType = file.storyboard; name = Base; path = Base.lproj/LaunchScreen.storyboard; sourceTree = "<group>"; };
		575F513A2680A614008CCC96 /* Info.plist */ = {isa = PBXFileReference; lastKnownFileType = text.plist.xml; path = Info.plist; sourceTree = "<group>"; };
		575F51442680A960008CCC96 /* PredictionsExtension.appex */ = {isa = PBXFileReference; explicitFileType = "wrapper.app-extension"; includeInIndex = 0; path = PredictionsExtension.appex; sourceTree = BUILT_PRODUCTS_DIR; };
		575F51462680A960008CCC96 /* WidgetKit.framework */ = {isa = PBXFileReference; lastKnownFileType = wrapper.framework; name = WidgetKit.framework; path = System/Library/Frameworks/WidgetKit.framework; sourceTree = SDKROOT; };
		575F51482680A960008CCC96 /* SwiftUI.framework */ = {isa = PBXFileReference; lastKnownFileType = wrapper.framework; name = SwiftUI.framework; path = System/Library/Frameworks/SwiftUI.framework; sourceTree = SDKROOT; };
		575F514B2680A960008CCC96 /* Predictions.swift */ = {isa = PBXFileReference; lastKnownFileType = sourcecode.swift; path = Predictions.swift; sourceTree = "<group>"; };
		575F514D2680A960008CCC96 /* Predictions.intentdefinition */ = {isa = PBXFileReference; lastKnownFileType = file.intentdefinition; path = Predictions.intentdefinition; sourceTree = "<group>"; };
		575F514E2680A961008CCC96 /* Assets.xcassets */ = {isa = PBXFileReference; lastKnownFileType = folder.assetcatalog; path = Assets.xcassets; sourceTree = "<group>"; };
		575F51502680A961008CCC96 /* Info.plist */ = {isa = PBXFileReference; lastKnownFileType = text.plist.xml; path = Info.plist; sourceTree = "<group>"; };
		575F515A2680A976008CCC96 /* WidgetAppGroup.entitlements */ = {isa = PBXFileReference; lastKnownFileType = text.plist.entitlements; path = WidgetAppGroup.entitlements; sourceTree = "<group>"; };
		575F515B2680A9A8008CCC96 /* PredictionsExtension.entitlements */ = {isa = PBXFileReference; lastKnownFileType = text.plist.entitlements; path = PredictionsExtension.entitlements; sourceTree = "<group>"; };
		575F515C2680AB1B008CCC96 /* ScoreCardView.swift */ = {isa = PBXFileReference; lastKnownFileType = sourcecode.swift; path = ScoreCardView.swift; sourceTree = "<group>"; };
		575F515F2680C351008CCC96 /* PredictionsViewModel.swift */ = {isa = PBXFileReference; lastKnownFileType = sourcecode.swift; path = PredictionsViewModel.swift; sourceTree = "<group>"; };
		575F51632680CF94008CCC96 /* Modifiers.swift */ = {isa = PBXFileReference; lastKnownFileType = sourcecode.swift; path = Modifiers.swift; sourceTree = "<group>"; };
		575F51662680D00F008CCC96 /* Colors.swift */ = {isa = PBXFileReference; lastKnownFileType = sourcecode.swift; path = Colors.swift; sourceTree = "<group>"; };
/* End PBXFileReference section */

/* Begin PBXFrameworksBuildPhase section */
		575F51262680A60C008CCC96 /* Frameworks */ = {
			isa = PBXFrameworksBuildPhase;
			buildActionMask = 2147483647;
			files = (
			);
			runOnlyForDeploymentPostprocessing = 0;
		};
		575F51412680A960008CCC96 /* Frameworks */ = {
			isa = PBXFrameworksBuildPhase;
			buildActionMask = 2147483647;
			files = (
				575F51492680A960008CCC96 /* SwiftUI.framework in Frameworks */,
				575F51472680A960008CCC96 /* WidgetKit.framework in Frameworks */,
			);
			runOnlyForDeploymentPostprocessing = 0;
		};
/* End PBXFrameworksBuildPhase section */

/* Begin PBXGroup section */
		575F51202680A60C008CCC96 = {
			isa = PBXGroup;
			children = (
				575F515B2680A9A8008CCC96 /* PredictionsExtension.entitlements */,
				575F512B2680A60C008CCC96 /* WidgetAppGroup */,
				575F514A2680A960008CCC96 /* Predictions */,
				575F51452680A960008CCC96 /* Frameworks */,
				575F512A2680A60C008CCC96 /* Products */,
			);
			sourceTree = "<group>";
		};
		575F512A2680A60C008CCC96 /* Products */ = {
			isa = PBXGroup;
			children = (
				575F51292680A60C008CCC96 /* WidgetAppGroup.app */,
				575F51442680A960008CCC96 /* PredictionsExtension.appex */,
			);
			name = Products;
			sourceTree = "<group>";
		};
		575F512B2680A60C008CCC96 /* WidgetAppGroup */ = {
			isa = PBXGroup;
			children = (
				575F515A2680A976008CCC96 /* WidgetAppGroup.entitlements */,
				575F512C2680A60C008CCC96 /* AppDelegate.swift */,
				575F512E2680A60C008CCC96 /* SceneDelegate.swift */,
				575F51302680A60C008CCC96 /* ViewController.swift */,
				575F51322680A60C008CCC96 /* Main.storyboard */,
				575F51352680A614008CCC96 /* Assets.xcassets */,
				575F51372680A614008CCC96 /* LaunchScreen.storyboard */,
				575F513A2680A614008CCC96 /* Info.plist */,
			);
			path = WidgetAppGroup;
			sourceTree = "<group>";
		};
		575F51452680A960008CCC96 /* Frameworks */ = {
			isa = PBXGroup;
			children = (
				575F51462680A960008CCC96 /* WidgetKit.framework */,
				575F51482680A960008CCC96 /* SwiftUI.framework */,
			);
			name = Frameworks;
			sourceTree = "<group>";
		};
		575F514A2680A960008CCC96 /* Predictions */ = {
			isa = PBXGroup;
			children = (
				575F51622680CF75008CCC96 /* Components */,
				575F514B2680A960008CCC96 /* Predictions.swift */,
				575F514D2680A960008CCC96 /* Predictions.intentdefinition */,
				575F514E2680A961008CCC96 /* Assets.xcassets */,
				575F51502680A961008CCC96 /* Info.plist */,
				575F515C2680AB1B008CCC96 /* ScoreCardView.swift */,
				575F515F2680C351008CCC96 /* PredictionsViewModel.swift */,
			);
			path = Predictions;
			sourceTree = "<group>";
		};
		575F51622680CF75008CCC96 /* Components */ = {
			isa = PBXGroup;
			children = (
				575F51632680CF94008CCC96 /* Modifiers.swift */,
				575F51662680D00F008CCC96 /* Colors.swift */,
			);
			path = Components;
			sourceTree = "<group>";
		};
/* End PBXGroup section */

/* Begin PBXNativeTarget section */
		575F51282680A60C008CCC96 /* WidgetAppGroup */ = {
			isa = PBXNativeTarget;
			buildConfigurationList = 575F513D2680A614008CCC96 /* Build configuration list for PBXNativeTarget "WidgetAppGroup" */;
			buildPhases = (
				575F51252680A60C008CCC96 /* Sources */,
				575F51262680A60C008CCC96 /* Frameworks */,
				575F51272680A60C008CCC96 /* Resources */,
				575F51592680A961008CCC96 /* Embed App Extensions */,
			);
			buildRules = (
			);
			dependencies = (
				575F51542680A961008CCC96 /* PBXTargetDependency */,
			);
			name = WidgetAppGroup;
			productName = WidgetAppGroup;
			productReference = 575F51292680A60C008CCC96 /* WidgetAppGroup.app */;
			productType = "com.apple.product-type.application";
		};
		575F51432680A960008CCC96 /* PredictionsExtension */ = {
			isa = PBXNativeTarget;
			buildConfigurationList = 575F51562680A961008CCC96 /* Build configuration list for PBXNativeTarget "PredictionsExtension" */;
			buildPhases = (
				575F51402680A960008CCC96 /* Sources */,
				575F51412680A960008CCC96 /* Frameworks */,
				575F51422680A960008CCC96 /* Resources */,
			);
			buildRules = (
			);
			dependencies = (
			);
			name = PredictionsExtension;
			productName = PredictionsExtension;
			productReference = 575F51442680A960008CCC96 /* PredictionsExtension.appex */;
			productType = "com.apple.product-type.app-extension";
		};
/* End PBXNativeTarget section */

/* Begin PBXProject section */
		575F51212680A60C008CCC96 /* Project object */ = {
			isa = PBXProject;
			attributes = {
				LastSwiftUpdateCheck = 1250;
				LastUpgradeCheck = 1250;
				TargetAttributes = {
					575F51282680A60C008CCC96 = {
						CreatedOnToolsVersion = 12.5;
					};
					575F51432680A960008CCC96 = {
						CreatedOnToolsVersion = 12.5;
					};
				};
			};
			buildConfigurationList = 575F51242680A60C008CCC96 /* Build configuration list for PBXProject "WidgetAppGroup" */;
			compatibilityVersion = "Xcode 9.3";
			developmentRegion = en;
			hasScannedForEncodings = 0;
			knownRegions = (
				en,
				Base,
			);
			mainGroup = 575F51202680A60C008CCC96;
			productRefGroup = 575F512A2680A60C008CCC96 /* Products */;
			projectDirPath = "";
			projectRoot = "";
			targets = (
				575F51282680A60C008CCC96 /* WidgetAppGroup */,
				575F51432680A960008CCC96 /* PredictionsExtension */,
			);
		};
/* End PBXProject section */

/* Begin PBXResourcesBuildPhase section */
		575F51272680A60C008CCC96 /* Resources */ = {
			isa = PBXResourcesBuildPhase;
			buildActionMask = 2147483647;
			files = (
				575F51392680A614008CCC96 /* LaunchScreen.storyboard in Resources */,
				575F51362680A614008CCC96 /* Assets.xcassets in Resources */,
				575F51342680A60C008CCC96 /* Main.storyboard in Resources */,
			);
			runOnlyForDeploymentPostprocessing = 0;
		};
		575F51422680A960008CCC96 /* Resources */ = {
			isa = PBXResourcesBuildPhase;
			buildActionMask = 2147483647;
			files = (
				575F514F2680A961008CCC96 /* Assets.xcassets in Resources */,
			);
			runOnlyForDeploymentPostprocessing = 0;
		};
/* End PBXResourcesBuildPhase section */

/* Begin PBXSourcesBuildPhase section */
		575F51252680A60C008CCC96 /* Sources */ = {
			isa = PBXSourcesBuildPhase;
			buildActionMask = 2147483647;
			files = (
				575F51312680A60C008CCC96 /* ViewController.swift in Sources */,
				575F51672680D00F008CCC96 /* Colors.swift in Sources */,
				575F51522680A961008CCC96 /* Predictions.intentdefinition in Sources */,
				575F51642680CF94008CCC96 /* Modifiers.swift in Sources */,
				575F512D2680A60C008CCC96 /* AppDelegate.swift in Sources */,
				575F515D2680AB1B008CCC96 /* ScoreCardView.swift in Sources */,
				575F512F2680A60C008CCC96 /* SceneDelegate.swift in Sources */,
				575F51602680C351008CCC96 /* PredictionsViewModel.swift in Sources */,
			);
			runOnlyForDeploymentPostprocessing = 0;
		};
		575F51402680A960008CCC96 /* Sources */ = {
			isa = PBXSourcesBuildPhase;
			buildActionMask = 2147483647;
			files = (
				575F514C2680A960008CCC96 /* Predictions.swift in Sources */,
				575F51682680D00F008CCC96 /* Colors.swift in Sources */,
				575F51612680C351008CCC96 /* PredictionsViewModel.swift in Sources */,
				575F51512680A961008CCC96 /* Predictions.intentdefinition in Sources */,
				575F515E2680ACBF008CCC96 /* ScoreCardView.swift in Sources */,
				575F51652680CF94008CCC96 /* Modifiers.swift in Sources */,
			);
			runOnlyForDeploymentPostprocessing = 0;
		};
/* End PBXSourcesBuildPhase section */

/* Begin PBXTargetDependency section */
		575F51542680A961008CCC96 /* PBXTargetDependency */ = {
			isa = PBXTargetDependency;
			target = 575F51432680A960008CCC96 /* PredictionsExtension */;
			targetProxy = 575F51532680A961008CCC96 /* PBXContainerItemProxy */;
		};
/* End PBXTargetDependency section */

/* Begin PBXVariantGroup section */
		575F51322680A60C008CCC96 /* Main.storyboard */ = {
			isa = PBXVariantGroup;
			children = (
				575F51332680A60C008CCC96 /* Base */,
			);
			name = Main.storyboard;
			sourceTree = "<group>";
		};
		575F51372680A614008CCC96 /* LaunchScreen.storyboard */ = {
			isa = PBXVariantGroup;
			children = (
				575F51382680A614008CCC96 /* Base */,
			);
			name = LaunchScreen.storyboard;
			sourceTree = "<group>";
		};
/* End PBXVariantGroup section */

/* Begin XCBuildConfiguration section */
		575F513B2680A614008CCC96 /* Debug */ = {
			isa = XCBuildConfiguration;
			buildSettings = {
				ALWAYS_SEARCH_USER_PATHS = NO;
				CLANG_ANALYZER_NONNULL = YES;
				CLANG_ANALYZER_NUMBER_OBJECT_CONVERSION = YES_AGGRESSIVE;
				CLANG_CXX_LANGUAGE_STANDARD = "gnu++14";
				CLANG_CXX_LIBRARY = "libc++";
				CLANG_ENABLE_MODULES = YES;
				CLANG_ENABLE_OBJC_ARC = YES;
				CLANG_ENABLE_OBJC_WEAK = YES;
				CLANG_WARN_BLOCK_CAPTURE_AUTORELEASING = YES;
				CLANG_WARN_BOOL_CONVERSION = YES;
				CLANG_WARN_COMMA = YES;
				CLANG_WARN_CONSTANT_CONVERSION = YES;
				CLANG_WARN_DEPRECATED_OBJC_IMPLEMENTATIONS = YES;
				CLANG_WARN_DIRECT_OBJC_ISA_USAGE = YES_ERROR;
				CLANG_WARN_DOCUMENTATION_COMMENTS = YES;
				CLANG_WARN_EMPTY_BODY = YES;
				CLANG_WARN_ENUM_CONVERSION = YES;
				CLANG_WARN_INFINITE_RECURSION = YES;
				CLANG_WARN_INT_CONVERSION = YES;
				CLANG_WARN_NON_LITERAL_NULL_CONVERSION = YES;
				CLANG_WARN_OBJC_IMPLICIT_RETAIN_SELF = YES;
				CLANG_WARN_OBJC_LITERAL_CONVERSION = YES;
				CLANG_WARN_OBJC_ROOT_CLASS = YES_ERROR;
				CLANG_WARN_QUOTED_INCLUDE_IN_FRAMEWORK_HEADER = YES;
				CLANG_WARN_RANGE_LOOP_ANALYSIS = YES;
				CLANG_WARN_STRICT_PROTOTYPES = YES;
				CLANG_WARN_SUSPICIOUS_MOVE = YES;
				CLANG_WARN_UNGUARDED_AVAILABILITY = YES_AGGRESSIVE;
				CLANG_WARN_UNREACHABLE_CODE = YES;
				CLANG_WARN__DUPLICATE_METHOD_MATCH = YES;
				COPY_PHASE_STRIP = NO;
				DEBUG_INFORMATION_FORMAT = dwarf;
				ENABLE_STRICT_OBJC_MSGSEND = YES;
				ENABLE_TESTABILITY = YES;
				GCC_C_LANGUAGE_STANDARD = gnu11;
				GCC_DYNAMIC_NO_PIC = NO;
				GCC_NO_COMMON_BLOCKS = YES;
				GCC_OPTIMIZATION_LEVEL = 0;
				GCC_PREPROCESSOR_DEFINITIONS = (
					"DEBUG=1",
					"$(inherited)",
				);
				GCC_WARN_64_TO_32_BIT_CONVERSION = YES;
				GCC_WARN_ABOUT_RETURN_TYPE = YES_ERROR;
				GCC_WARN_UNDECLARED_SELECTOR = YES;
				GCC_WARN_UNINITIALIZED_AUTOS = YES_AGGRESSIVE;
				GCC_WARN_UNUSED_FUNCTION = YES;
				GCC_WARN_UNUSED_VARIABLE = YES;
				IPHONEOS_DEPLOYMENT_TARGET = 14.5;
				MTL_ENABLE_DEBUG_INFO = INCLUDE_SOURCE;
				MTL_FAST_MATH = YES;
				ONLY_ACTIVE_ARCH = YES;
				SDKROOT = iphoneos;
				SWIFT_ACTIVE_COMPILATION_CONDITIONS = DEBUG;
				SWIFT_OPTIMIZATION_LEVEL = "-Onone";
			};
			name = Debug;
		};
		575F513C2680A614008CCC96 /* Release */ = {
			isa = XCBuildConfiguration;
			buildSettings = {
				ALWAYS_SEARCH_USER_PATHS = NO;
				CLANG_ANALYZER_NONNULL = YES;
				CLANG_ANALYZER_NUMBER_OBJECT_CONVERSION = YES_AGGRESSIVE;
				CLANG_CXX_LANGUAGE_STANDARD = "gnu++14";
				CLANG_CXX_LIBRARY = "libc++";
				CLANG_ENABLE_MODULES = YES;
				CLANG_ENABLE_OBJC_ARC = YES;
				CLANG_ENABLE_OBJC_WEAK = YES;
				CLANG_WARN_BLOCK_CAPTURE_AUTORELEASING = YES;
				CLANG_WARN_BOOL_CONVERSION = YES;
				CLANG_WARN_COMMA = YES;
				CLANG_WARN_CONSTANT_CONVERSION = YES;
				CLANG_WARN_DEPRECATED_OBJC_IMPLEMENTATIONS = YES;
				CLANG_WARN_DIRECT_OBJC_ISA_USAGE = YES_ERROR;
				CLANG_WARN_DOCUMENTATION_COMMENTS = YES;
				CLANG_WARN_EMPTY_BODY = YES;
				CLANG_WARN_ENUM_CONVERSION = YES;
				CLANG_WARN_INFINITE_RECURSION = YES;
				CLANG_WARN_INT_CONVERSION = YES;
				CLANG_WARN_NON_LITERAL_NULL_CONVERSION = YES;
				CLANG_WARN_OBJC_IMPLICIT_RETAIN_SELF = YES;
				CLANG_WARN_OBJC_LITERAL_CONVERSION = YES;
				CLANG_WARN_OBJC_ROOT_CLASS = YES_ERROR;
				CLANG_WARN_QUOTED_INCLUDE_IN_FRAMEWORK_HEADER = YES;
				CLANG_WARN_RANGE_LOOP_ANALYSIS = YES;
				CLANG_WARN_STRICT_PROTOTYPES = YES;
				CLANG_WARN_SUSPICIOUS_MOVE = YES;
				CLANG_WARN_UNGUARDED_AVAILABILITY = YES_AGGRESSIVE;
				CLANG_WARN_UNREACHABLE_CODE = YES;
				CLANG_WARN__DUPLICATE_METHOD_MATCH = YES;
				COPY_PHASE_STRIP = NO;
				DEBUG_INFORMATION_FORMAT = "dwarf-with-dsym";
				ENABLE_NS_ASSERTIONS = NO;
				ENABLE_STRICT_OBJC_MSGSEND = YES;
				GCC_C_LANGUAGE_STANDARD = gnu11;
				GCC_NO_COMMON_BLOCKS = YES;
				GCC_WARN_64_TO_32_BIT_CONVERSION = YES;
				GCC_WARN_ABOUT_RETURN_TYPE = YES_ERROR;
				GCC_WARN_UNDECLARED_SELECTOR = YES;
				GCC_WARN_UNINITIALIZED_AUTOS = YES_AGGRESSIVE;
				GCC_WARN_UNUSED_FUNCTION = YES;
				GCC_WARN_UNUSED_VARIABLE = YES;
				IPHONEOS_DEPLOYMENT_TARGET = 14.5;
				MTL_ENABLE_DEBUG_INFO = NO;
				MTL_FAST_MATH = YES;
				SDKROOT = iphoneos;
				SWIFT_COMPILATION_MODE = wholemodule;
				SWIFT_OPTIMIZATION_LEVEL = "-O";
				VALIDATE_PRODUCT = YES;
			};
			name = Release;
		};
		575F513E2680A614008CCC96 /* Debug */ = {
			isa = XCBuildConfiguration;
			buildSettings = {
				ALWAYS_EMBED_SWIFT_STANDARD_LIBRARIES = YES;
				ASSETCATALOG_COMPILER_APPICON_NAME = AppIcon;
				ASSETCATALOG_COMPILER_GLOBAL_ACCENT_COLOR_NAME = AccentColor;
				CODE_SIGN_ENTITLEMENTS = WidgetAppGroup/WidgetAppGroup.entitlements;
				CODE_SIGN_STYLE = Automatic;
				DEVELOPMENT_TEAM = THMZRMRZ9S;
				INFOPLIST_FILE = WidgetAppGroup/Info.plist;
				LD_RUNPATH_SEARCH_PATHS = (
					"$(inherited)",
					"@executable_path/Frameworks",
				);
				PRODUCT_BUNDLE_IDENTIFIER = com.infinityworks.WidgetAppGroup;
				PRODUCT_NAME = "$(TARGET_NAME)";
				SWIFT_VERSION = 5.0;
				TARGETED_DEVICE_FAMILY = "1,2";
			};
			name = Debug;
		};
		575F513F2680A614008CCC96 /* Release */ = {
			isa = XCBuildConfiguration;
			buildSettings = {
				ALWAYS_EMBED_SWIFT_STANDARD_LIBRARIES = YES;
				ASSETCATALOG_COMPILER_APPICON_NAME = AppIcon;
				ASSETCATALOG_COMPILER_GLOBAL_ACCENT_COLOR_NAME = AccentColor;
				CODE_SIGN_ENTITLEMENTS = WidgetAppGroup/WidgetAppGroup.entitlements;
				CODE_SIGN_STYLE = Automatic;
				DEVELOPMENT_TEAM = THMZRMRZ9S;
				INFOPLIST_FILE = WidgetAppGroup/Info.plist;
				LD_RUNPATH_SEARCH_PATHS = (
					"$(inherited)",
					"@executable_path/Frameworks",
				);
				PRODUCT_BUNDLE_IDENTIFIER = com.infinityworks.WidgetAppGroup;
				PRODUCT_NAME = "$(TARGET_NAME)";
				SWIFT_VERSION = 5.0;
				TARGETED_DEVICE_FAMILY = "1,2";
			};
			name = Release;
		};
		575F51572680A961008CCC96 /* Debug */ = {
			isa = XCBuildConfiguration;
			buildSettings = {
				ASSETCATALOG_COMPILER_GLOBAL_ACCENT_COLOR_NAME = AccentColor;
				ASSETCATALOG_COMPILER_WIDGET_BACKGROUND_COLOR_NAME = WidgetBackground;
				CODE_SIGN_ENTITLEMENTS = PredictionsExtension.entitlements;
				CODE_SIGN_STYLE = Automatic;
				DEVELOPMENT_TEAM = THMZRMRZ9S;
				INFOPLIST_FILE = Predictions/Info.plist;
				LD_RUNPATH_SEARCH_PATHS = (
					"$(inherited)",
					"@executable_path/Frameworks",
					"@executable_path/../../Frameworks",
				);
				PRODUCT_BUNDLE_IDENTIFIER = com.infinityworks.WidgetAppGroup.Predictions;
				PRODUCT_NAME = "$(TARGET_NAME)";
				SKIP_INSTALL = YES;
				SWIFT_VERSION = 5.0;
				TARGETED_DEVICE_FAMILY = "1,2";
			};
			name = Debug;
		};
		575F51582680A961008CCC96 /* Release */ = {
			isa = XCBuildConfiguration;
			buildSettings = {
				ASSETCATALOG_COMPILER_GLOBAL_ACCENT_COLOR_NAME = AccentColor;
				ASSETCATALOG_COMPILER_WIDGET_BACKGROUND_COLOR_NAME = WidgetBackground;
				CODE_SIGN_ENTITLEMENTS = PredictionsExtension.entitlements;
				CODE_SIGN_STYLE = Automatic;
				DEVELOPMENT_TEAM = THMZRMRZ9S;
				INFOPLIST_FILE = Predictions/Info.plist;
				LD_RUNPATH_SEARCH_PATHS = (
					"$(inherited)",
					"@executable_path/Frameworks",
					"@executable_path/../../Frameworks",
				);
				PRODUCT_BUNDLE_IDENTIFIER = com.infinityworks.WidgetAppGroup.Predictions;
				PRODUCT_NAME = "$(TARGET_NAME)";
				SKIP_INSTALL = YES;
				SWIFT_VERSION = 5.0;
				TARGETED_DEVICE_FAMILY = "1,2";
			};
			name = Release;
		};
/* End XCBuildConfiguration section */

/* Begin XCConfigurationList section */
		575F51242680A60C008CCC96 /* Build configuration list for PBXProject "WidgetAppGroup" */ = {
			isa = XCConfigurationList;
			buildConfigurations = (
				575F513B2680A614008CCC96 /* Debug */,
				575F513C2680A614008CCC96 /* Release */,
			);
			defaultConfigurationIsVisible = 0;
			defaultConfigurationName = Release;
		};
		575F513D2680A614008CCC96 /* Build configuration list for PBXNativeTarget "WidgetAppGroup" */ = {
			isa = XCConfigurationList;
			buildConfigurations = (
				575F513E2680A614008CCC96 /* Debug */,
				575F513F2680A614008CCC96 /* Release */,
			);
			defaultConfigurationIsVisible = 0;
			defaultConfigurationName = Release;
		};
		575F51562680A961008CCC96 /* Build configuration list for PBXNativeTarget "PredictionsExtension" */ = {
			isa = XCConfigurationList;
			buildConfigurations = (
				575F51572680A961008CCC96 /* Debug */,
				575F51582680A961008CCC96 /* Release */,
			);
			defaultConfigurationIsVisible = 0;
			defaultConfigurationName = Release;
		};
/* End XCConfigurationList section */
	};
	rootObject = 575F51212680A60C008CCC96 /* Project object */;
}
